
Microsoft Visual Studio Solution File, Format Version 12.00
# Visual Studio Version 17
VisualStudioVersion = 17.8.34525.116
MinimumVisualStudioVersion = 10.0.40219.1
Project("{FAE04EC0-301F-11D3-BF4B-00C04F79EFBC}") = "Load-Balancer", "Load-Balancer.csproj", "{99CB9503-6B57-4238-9173-6C711C8FD4AD}"
EndProject
Project("{FAE04EC0-301F-11D3-BF4B-00C04F79EFBC}") = "LoadBalancer.Tests", "..\LoadBalancer.Tests\LoadBalancer.Tests.csproj", "{2EED817B-E272-4A0D-9E78-AFBF868A987F}"
EndProject
Global
	GlobalSection(SolutionConfigurationPlatforms) = preSolution
		Debug|Any CPU = Debug|Any CPU
		Release|Any CPU = Release|Any CPU
	EndGlobalSection
	GlobalSection(ProjectConfigurationPlatforms) = postSolution
		{99CB9503-6B57-4238-9173-6C711C8FD4AD}.Debug|Any CPU.ActiveCfg = Debug|Any CPU
		{99CB9503-6B57-4238-9173-6C711C8FD4AD}.Debug|Any CPU.Build.0 = Debug|Any CPU
		{99CB9503-6B57-4238-9173-6C711C8FD4AD}.Release|Any CPU.ActiveCfg = Release|Any CPU
		{99CB9503-6B57-4238-9173-6C711C8FD4AD}.Release|Any CPU.Build.0 = Release|Any CPU
		{2EED817B-E272-4A0D-9E78-AFBF868A987F}.Debug|Any CPU.ActiveCfg = Debug|Any CPU
		{2EED817B-E272-4A0D-9E78-AFBF868A987F}.Debug|Any CPU.Build.0 = Debug|Any CPU
		{2EED817B-E272-4A0D-9E78-AFBF868A987F}.Release|Any CPU.ActiveCfg = Release|Any CPU
		{2EED817B-E272-4A0D-9E78-AFBF868A987F}.Release|Any CPU.Build.0 = Release|Any CPU
	EndGlobalSection
	GlobalSection(SolutionProperties) = preSolution
		HideSolutionNode = FALSE
	EndGlobalSection
	GlobalSection(ExtensibilityGlobals) = postSolution
		SolutionGuid = {8F33CD9D-BB87-4631-A57A-B806F6C28F5D}
	EndGlobalSection
EndGlobal
