
Microsoft Visual Studio Solution File, Format Version 12.00
# Visual Studio Version 17
VisualStudioVersion = 17.8.34525.116
MinimumVisualStudioVersion = 10.0.40219.1
Project("{FAE04EC0-301F-11D3-BF4B-00C04F79EFBC}") = "LoadBalancer", "LoadBalancer.csproj", "{CBC317A9-90D5-47AF-B1E6-99A6F700D303}"
EndProject
Project("{FAE04EC0-301F-11D3-BF4B-00C04F79EFBC}") = "LoadBalancerTests", "..\LoadBalancerTests\LoadBalancerTests.csproj", "{FC652257-4B86-4C3F-98A7-1A8E58FFE750}"
EndProject
Global
	GlobalSection(SolutionConfigurationPlatforms) = preSolution
		Debug|Any CPU = Debug|Any CPU
		Release|Any CPU = Release|Any CPU
	EndGlobalSection
	GlobalSection(ProjectConfigurationPlatforms) = postSolution
		{CBC317A9-90D5-47AF-B1E6-99A6F700D303}.Debug|Any CPU.ActiveCfg = Debug|Any CPU
		{CBC317A9-90D5-47AF-B1E6-99A6F700D303}.Debug|Any CPU.Build.0 = Debug|Any CPU
		{CBC317A9-90D5-47AF-B1E6-99A6F700D303}.Release|Any CPU.ActiveCfg = Release|Any CPU
		{CBC317A9-90D5-47AF-B1E6-99A6F700D303}.Release|Any CPU.Build.0 = Release|Any CPU
		{FC652257-4B86-4C3F-98A7-1A8E58FFE750}.Debug|Any CPU.ActiveCfg = Debug|Any CPU
		{FC652257-4B86-4C3F-98A7-1A8E58FFE750}.Debug|Any CPU.Build.0 = Debug|Any CPU
		{FC652257-4B86-4C3F-98A7-1A8E58FFE750}.Release|Any CPU.ActiveCfg = Release|Any CPU
		{FC652257-4B86-4C3F-98A7-1A8E58FFE750}.Release|Any CPU.Build.0 = Release|Any CPU
	EndGlobalSection
	GlobalSection(SolutionProperties) = preSolution
		HideSolutionNode = FALSE
	EndGlobalSection
	GlobalSection(ExtensibilityGlobals) = postSolution
		SolutionGuid = {85BD60D3-6998-4ECF-9076-380F08E99ACF}
	EndGlobalSection
EndGlobal
